// !$*UTF8*$!
{
	archiveVersion = 1;
	classes = {
	};
	objectVersion = 46;
	objects = {

/* Begin PBXBuildFile section */
		2DEE208514168D6BE2BE73C3 /* Info.plist in Resources */ = {isa = PBXBuildFile; fileRef = 2DEE27126C5A9CB7F49EAC8F /* Info.plist */; };
		2DEE20CC57D57D4D265C242C /* main.m in Sources */ = {isa = PBXBuildFile; fileRef = 2DEE20F19562C0A3EF64BB15 /* main.m */; };
		2DEE20D3B22A03067B61B852 /* LaunchScreen.storyboard in Resources */ = {isa = PBXBuildFile; fileRef = 2DEE22642EE874AC897CE3B8 /* LaunchScreen.storyboard */; };
		2DEE20EB33A97440DE29D874 /* Info.plist in Resources */ = {isa = PBXBuildFile; fileRef = 2DEE2E8DA5618D9C12395BA2 /* Info.plist */; };
		2DEE232EF943F1288D0B477B /* Info.plist in Resources */ = {isa = PBXBuildFile; fileRef = 2DEE2F68AC47A5518D9B3F9B /* Info.plist */; };
		2DEE237EFE3EABDB2C845EFE /* AppDelegate.m in Sources */ = {isa = PBXBuildFile; fileRef = 2DEE2212E76F422445808EBA /* AppDelegate.m */; };
		2DEE246CBDE737A5DC69B9A8 /* Assets.xcassets in Resources */ = {isa = PBXBuildFile; fileRef = 2DEE2827A624C2142E4CB11E /* Assets.xcassets */; };
		2DEE24B0567E48BCE4D0A0E6 /* Main.storyboard in Resources */ = {isa = PBXBuildFile; fileRef = 2DEE2FD7E6641489AAA24D91 /* Main.storyboard */; };
		2DEE29DF5644DB68C69C6B70 /* ViewController.m in Sources */ = {isa = PBXBuildFile; fileRef = 2DEE27DF09091FF2A186F884 /* ViewController.m */; };
		2DEE2B7B1904F4EB2E5BF115 /* PixabayTestUITests.m in Sources */ = {isa = PBXBuildFile; fileRef = 2DEE2024C814828E38A1151D /* PixabayTestUITests.m */; };
		2DEE2C427D10ED5F733320AB /* PixabayTestTests.m in Sources */ = {isa = PBXBuildFile; fileRef = 2DEE2AE659D3A899A2B0A555 /* PixabayTestTests.m */; };
/* End PBXBuildFile section */

/* Begin PBXContainerItemProxy section */
		2DEE25AC7A25C1B443FEFD6C /* PBXContainerItemProxy */ = {
			isa = PBXContainerItemProxy;
			containerPortal = 2DEE29C91D1920B7F6B98773 /* Project object */;
			proxyType = 1;
			remoteGlobalIDString = 2DEE2909B3AAC627FCB3F1DE;
			remoteInfo = PixabayTest;
		};
		2DEE2BD73C669199DA74EE4A /* PBXContainerItemProxy */ = {
			isa = PBXContainerItemProxy;
			containerPortal = 2DEE29C91D1920B7F6B98773 /* Project object */;
			proxyType = 1;
			remoteGlobalIDString = 2DEE2909B3AAC627FCB3F1DE;
			remoteInfo = PixabayTest;
		};
/* End PBXContainerItemProxy section */

/* Begin PBXFileReference section */
		2DEE2024C814828E38A1151D /* PixabayTestUITests.m */ = {isa = PBXFileReference; lastKnownFileType = sourcecode.c.objc; path = PixabayTestUITests.m; sourceTree = "<group>"; };
		2DEE209BD13C5336F26DC7D2 /* Base */ = {isa = PBXFileReference; lastKnownFileType = file.storyboard; name = Base; path = Base.lproj/Main.storyboard; sourceTree = "<group>"; };
		2DEE20F19562C0A3EF64BB15 /* main.m */ = {isa = PBXFileReference; lastKnownFileType = sourcecode.c.objc; path = main.m; sourceTree = "<group>"; };
		2DEE2212E76F422445808EBA /* AppDelegate.m */ = {isa = PBXFileReference; lastKnownFileType = sourcecode.c.objc; path = AppDelegate.m; sourceTree = "<group>"; };
		2DEE2249D2ACFBABDC800D95 /* PixabayTestUITests.xctest */ = {isa = PBXFileReference; explicitFileType = wrapper.cfbundle; includeInIndex = 0; path = PixabayTestUITests.xctest; sourceTree = BUILT_PRODUCTS_DIR; };
		2DEE240CDBE3CD1962B8F31F /* PixabayTest.app */ = {isa = PBXFileReference; explicitFileType = wrapper.application; includeInIndex = 0; path = PixabayTest.app; sourceTree = BUILT_PRODUCTS_DIR; };
		2DEE27126C5A9CB7F49EAC8F /* Info.plist */ = {isa = PBXFileReference; lastKnownFileType = text.plist.info; path = Info.plist; sourceTree = "<group>"; };
		2DEE278B73706A8D1A2AADBF /* ViewController.h */ = {isa = PBXFileReference; lastKnownFileType = sourcecode.c.h; path = ViewController.h; sourceTree = "<group>"; };
		2DEE27DF09091FF2A186F884 /* ViewController.m */ = {isa = PBXFileReference; lastKnownFileType = sourcecode.c.objc; path = ViewController.m; sourceTree = "<group>"; };
		2DEE2827A624C2142E4CB11E /* Assets.xcassets */ = {isa = PBXFileReference; lastKnownFileType = folder.assetcatalog; path = Assets.xcassets; sourceTree = "<group>"; };
		2DEE298EAC35BFE7ADFB3562 /* Base */ = {isa = PBXFileReference; lastKnownFileType = file.storyboard; name = Base; path = Base.lproj/LaunchScreen.storyboard; sourceTree = "<group>"; };
		2DEE2AE659D3A899A2B0A555 /* PixabayTestTests.m */ = {isa = PBXFileReference; lastKnownFileType = sourcecode.c.objc; path = PixabayTestTests.m; sourceTree = "<group>"; };
		2DEE2B7F43B6FDB7E7869ECE /* PixabayTestTests.xctest */ = {isa = PBXFileReference; explicitFileType = wrapper.cfbundle; includeInIndex = 0; path = PixabayTestTests.xctest; sourceTree = BUILT_PRODUCTS_DIR; };
		2DEE2BEB1E5D7322F36ADB83 /* AppDelegate.h */ = {isa = PBXFileReference; lastKnownFileType = sourcecode.c.h; path = AppDelegate.h; sourceTree = "<group>"; };
		2DEE2E8DA5618D9C12395BA2 /* Info.plist */ = {isa = PBXFileReference; lastKnownFileType = text.plist.info; path = Info.plist; sourceTree = "<group>"; };
		2DEE2F68AC47A5518D9B3F9B /* Info.plist */ = {isa = PBXFileReference; lastKnownFileType = text.plist.info; path = Info.plist; sourceTree = "<group>"; };
/* End PBXFileReference section */

/* Begin PBXFrameworksBuildPhase section */
		2DEE282E2E50BC332F5711DD /* Frameworks */ = {
			isa = PBXFrameworksBuildPhase;
			buildActionMask = 2147483647;
			files = (
			);
			runOnlyForDeploymentPostprocessing = 0;
		};
		2DEE2A5838ACCCFF1CF234C6 /* Frameworks */ = {
			isa = PBXFrameworksBuildPhase;
			buildActionMask = 2147483647;
			files = (
			);
			runOnlyForDeploymentPostprocessing = 0;
		};
		2DEE2D308BD15CB7BD634F62 /* Frameworks */ = {
			isa = PBXFrameworksBuildPhase;
			buildActionMask = 2147483647;
			files = (
			);
			runOnlyForDeploymentPostprocessing = 0;
		};
/* End PBXFrameworksBuildPhase section */

/* Begin PBXGroup section */
		2DEE2495974ED2FF29A5F6A3 = {
			isa = PBXGroup;
			children = (
				2DEE2BF5C9B953008CA55675 /* Products */,
				2DEE2607E96519AE18B6585A /* PixabayTest */,
				2DEE24FF7793944552BC1A32 /* PixabayTestTests */,
				2DEE27B0F7381690C96ADCB1 /* PixabayTestUITests */,
			);
			sourceTree = "<group>";
		};
		2DEE24FF7793944552BC1A32 /* PixabayTestTests */ = {
			isa = PBXGroup;
			children = (
				2DEE2E8DA5618D9C12395BA2 /* Info.plist */,
				2DEE2AE659D3A899A2B0A555 /* PixabayTestTests.m */,
			);
			path = PixabayTestTests;
			sourceTree = "<group>";
		};
		2DEE2607E96519AE18B6585A /* PixabayTest */ = {
			isa = PBXGroup;
			children = (
				2DEE2F68AC47A5518D9B3F9B /* Info.plist */,
				2DEE2827A624C2142E4CB11E /* Assets.xcassets */,
				2DEE22642EE874AC897CE3B8 /* LaunchScreen.storyboard */,
				2DEE287A2509B2932FFDB4DD /* Supporting Files */,
				2DEE2BEB1E5D7322F36ADB83 /* AppDelegate.h */,
				2DEE2212E76F422445808EBA /* AppDelegate.m */,
				2DEE2FD7E6641489AAA24D91 /* Main.storyboard */,
				2DEE278B73706A8D1A2AADBF /* ViewController.h */,
				2DEE27DF09091FF2A186F884 /* ViewController.m */,
			);
			path = PixabayTest;
			sourceTree = "<group>";
		};
		2DEE27B0F7381690C96ADCB1 /* PixabayTestUITests */ = {
			isa = PBXGroup;
			children = (
				2DEE27126C5A9CB7F49EAC8F /* Info.plist */,
				2DEE2024C814828E38A1151D /* PixabayTestUITests.m */,
			);
			path = PixabayTestUITests;
			sourceTree = "<group>";
		};
		2DEE287A2509B2932FFDB4DD /* Supporting Files */ = {
			isa = PBXGroup;
			children = (
				2DEE20F19562C0A3EF64BB15 /* main.m */,
			);
			name = "Supporting Files";
			sourceTree = "<group>";
		};
		2DEE2BF5C9B953008CA55675 /* Products */ = {
			isa = PBXGroup;
			children = (
				2DEE240CDBE3CD1962B8F31F /* PixabayTest.app */,
				2DEE2B7F43B6FDB7E7869ECE /* PixabayTestTests.xctest */,
				2DEE2249D2ACFBABDC800D95 /* PixabayTestUITests.xctest */,
			);
			name = Products;
			sourceTree = "<group>";
		};
/* End PBXGroup section */

/* Begin PBXNativeTarget section */
		2DEE268A1CC14C2857AD5B85 /* PixabayTestUITests */ = {
			isa = PBXNativeTarget;
			buildConfigurationList = 2DEE212F682A0D6AEF18518B /* Build configuration list for PBXNativeTarget "PixabayTestUITests" */;
			buildPhases = (
				2DEE203A2211B072A8C34608 /* Sources */,
				2DEE282E2E50BC332F5711DD /* Frameworks */,
				2DEE2174BA26AF01DAC69BBC /* Resources */,
			);
			buildRules = (
			);
			dependencies = (
				2DEE22B89168F996C7FDDE11 /* PBXTargetDependency */,
			);
			name = PixabayTestUITests;
			productName = PixabayTestUITests;
			productReference = 2DEE2249D2ACFBABDC800D95 /* PixabayTestUITests.xctest */;
			productType = "com.apple.product-type.bundle.ui-testing";
		};
		2DEE2909B3AAC627FCB3F1DE /* PixabayTest */ = {
			isa = PBXNativeTarget;
			buildConfigurationList = 2DEE2684717522E088969B90 /* Build configuration list for PBXNativeTarget "PixabayTest" */;
			buildPhases = (
				2DEE27ED73855B38878D57A6 /* Sources */,
				2DEE2D308BD15CB7BD634F62 /* Frameworks */,
				2DEE29E45DB27AB2118025B1 /* Resources */,
			);
			buildRules = (
			);
			dependencies = (
			);
			name = PixabayTest;
			productName = PixabayTest;
			productReference = 2DEE240CDBE3CD1962B8F31F /* PixabayTest.app */;
			productType = "com.apple.product-type.application";
		};
		2DEE2FE83CBBC281FB4047F3 /* PixabayTestTests */ = {
			isa = PBXNativeTarget;
			buildConfigurationList = 2DEE2CBB514C652E819C7B97 /* Build configuration list for PBXNativeTarget "PixabayTestTests" */;
			buildPhases = (
				2DEE201FA2C1F8601611F647 /* Sources */,
				2DEE2A5838ACCCFF1CF234C6 /* Frameworks */,
				2DEE2C17B11801348F55C6CE /* Resources */,
			);
			buildRules = (
			);
			dependencies = (
				2DEE264E1E4D0CE254C3E52F /* PBXTargetDependency */,
			);
			name = PixabayTestTests;
			productName = PixabayTestTests;
			productReference = 2DEE2B7F43B6FDB7E7869ECE /* PixabayTestTests.xctest */;
			productType = "com.apple.product-type.bundle.unit-test";
		};
/* End PBXNativeTarget section */

/* Begin PBXProject section */
		2DEE29C91D1920B7F6B98773 /* Project object */ = {
			isa = PBXProject;
			attributes = {
				ORGANIZATIONNAME = "Azat Zul";
			};
			buildConfigurationList = 2DEE2D6BAC6CDFC345E6A02B /* Build configuration list for PBXProject "PixabayTest" */;
			compatibilityVersion = "Xcode 3.2";
			developmentRegion = English;
			hasScannedForEncodings = 0;
			knownRegions = (
				en,
			);
			mainGroup = 2DEE2495974ED2FF29A5F6A3;
			productRefGroup = 2DEE2BF5C9B953008CA55675 /* Products */;
			projectDirPath = "";
			projectRoot = "";
			targets = (
				2DEE2909B3AAC627FCB3F1DE /* PixabayTest */,
				2DEE2FE83CBBC281FB4047F3 /* PixabayTestTests */,
				2DEE268A1CC14C2857AD5B85 /* PixabayTestUITests */,
			);
		};
/* End PBXProject section */

/* Begin PBXResourcesBuildPhase section */
		2DEE2174BA26AF01DAC69BBC /* Resources */ = {
			isa = PBXResourcesBuildPhase;
			buildActionMask = 2147483647;
			files = (
				2DEE208514168D6BE2BE73C3 /* Info.plist in Resources */,
			);
			runOnlyForDeploymentPostprocessing = 0;
		};
		2DEE29E45DB27AB2118025B1 /* Resources */ = {
			isa = PBXResourcesBuildPhase;
			buildActionMask = 2147483647;
			files = (
				2DEE232EF943F1288D0B477B /* Info.plist in Resources */,
				2DEE246CBDE737A5DC69B9A8 /* Assets.xcassets in Resources */,
				2DEE20D3B22A03067B61B852 /* LaunchScreen.storyboard in Resources */,
				2DEE24B0567E48BCE4D0A0E6 /* Main.storyboard in Resources */,
			);
			runOnlyForDeploymentPostprocessing = 0;
		};
		2DEE2C17B11801348F55C6CE /* Resources */ = {
			isa = PBXResourcesBuildPhase;
			buildActionMask = 2147483647;
			files = (
				2DEE20EB33A97440DE29D874 /* Info.plist in Resources */,
			);
			runOnlyForDeploymentPostprocessing = 0;
		};
/* End PBXResourcesBuildPhase section */

/* Begin PBXSourcesBuildPhase section */
		2DEE201FA2C1F8601611F647 /* Sources */ = {
			isa = PBXSourcesBuildPhase;
			buildActionMask = 2147483647;
			files = (
				2DEE2C427D10ED5F733320AB /* PixabayTestTests.m in Sources */,
			);
			runOnlyForDeploymentPostprocessing = 0;
		};
		2DEE203A2211B072A8C34608 /* Sources */ = {
			isa = PBXSourcesBuildPhase;
			buildActionMask = 2147483647;
			files = (
				2DEE2B7B1904F4EB2E5BF115 /* PixabayTestUITests.m in Sources */,
			);
			runOnlyForDeploymentPostprocessing = 0;
		};
		2DEE27ED73855B38878D57A6 /* Sources */ = {
			isa = PBXSourcesBuildPhase;
			buildActionMask = 2147483647;
			files = (
				2DEE20CC57D57D4D265C242C /* main.m in Sources */,
				2DEE237EFE3EABDB2C845EFE /* AppDelegate.m in Sources */,
				2DEE29DF5644DB68C69C6B70 /* ViewController.m in Sources */,
			);
			runOnlyForDeploymentPostprocessing = 0;
		};
/* End PBXSourcesBuildPhase section */

/* Begin PBXTargetDependency section */
		2DEE22B89168F996C7FDDE11 /* PBXTargetDependency */ = {
			isa = PBXTargetDependency;
			target = 2DEE2909B3AAC627FCB3F1DE /* PixabayTest */;
			targetProxy = 2DEE2BD73C669199DA74EE4A /* PBXContainerItemProxy */;
		};
		2DEE264E1E4D0CE254C3E52F /* PBXTargetDependency */ = {
			isa = PBXTargetDependency;
			target = 2DEE2909B3AAC627FCB3F1DE /* PixabayTest */;
			targetProxy = 2DEE25AC7A25C1B443FEFD6C /* PBXContainerItemProxy */;
		};
/* End PBXTargetDependency section */

/* Begin PBXVariantGroup section */
		2DEE22642EE874AC897CE3B8 /* LaunchScreen.storyboard */ = {
			isa = PBXVariantGroup;
			children = (
				2DEE298EAC35BFE7ADFB3562 /* Base */,
			);
			name = LaunchScreen.storyboard;
			sourceTree = "<group>";
		};
		2DEE2FD7E6641489AAA24D91 /* Main.storyboard */ = {
			isa = PBXVariantGroup;
			children = (
				2DEE209BD13C5336F26DC7D2 /* Base */,
			);
			name = Main.storyboard;
			sourceTree = "<group>";
		};
/* End PBXVariantGroup section */

/* Begin XCBuildConfiguration section */
		2DEE20583B3BFEE94F4953CA /* Release */ = {
			isa = XCBuildConfiguration;
			buildSettings = {
				ALWAYS_SEARCH_USER_PATHS = NO;
				CLANG_ANALYZER_NONNULL = YES;
				CLANG_CXX_LANGUAGE_STANDARD = "gnu++0x";
				CLANG_CXX_LIBRARY = "libc++";
				CLANG_ENABLE_MODULES = YES;
				CLANG_ENABLE_OBJC_ARC = YES;
				CLANG_WARN_BOOL_CONVERSION = YES;
				CLANG_WARN_CONSTANT_CONVERSION = YES;
				CLANG_WARN_DIRECT_OBJC_ISA_USAGE = YES_ERROR;
				CLANG_WARN_EMPTY_BODY = YES;
				CLANG_WARN_ENUM_CONVERSION = YES;
				CLANG_WARN_INT_CONVERSION = YES;
				CLANG_WARN_OBJC_ROOT_CLASS = YES_ERROR;
				CLANG_WARN_UNREACHABLE_CODE = YES;
				CLANG_WARN__DUPLICATE_METHOD_MATCH = YES;
				"CODE_SIGN_IDENTITY[sdk=iphoneos*]" = "iPhone Developer";
				COPY_PHASE_STRIP = NO;
				DEBUG_INFORMATION_FORMAT = "dwarf-with-dsym";
				ENABLE_NS_ASSERTIONS = NO;
				ENABLE_STRICT_OBJC_MSGSEND = YES;
				GCC_C_LANGUAGE_STANDARD = gnu99;
				GCC_NO_COMMON_BLOCKS = YES;
				GCC_WARN_64_TO_32_BIT_CONVERSION = YES;
				GCC_WARN_ABOUT_RETURN_TYPE = YES_ERROR;
				GCC_WARN_UNDECLARED_SELECTOR = YES;
				GCC_WARN_UNINITIALIZED_AUTOS = YES_AGGRESSIVE;
				GCC_WARN_UNUSED_FUNCTION = YES;
				GCC_WARN_UNUSED_VARIABLE = YES;
				IPHONEOS_DEPLOYMENT_TARGET = 9.3;
				MTL_ENABLE_DEBUG_INFO = NO;
				SDKROOT = iphoneos;
				TARGETED_DEVICE_FAMILY = "1,2";
				VALIDATE_PRODUCT = YES;
			};
			name = Release;
		};
		2DEE20CDBE63B5A2F25A9280 /* Release */ = {
			isa = XCBuildConfiguration;
			buildSettings = {
				BUNDLE_LOADER = "$(BUILT_PRODUCTS_DIR)/PixabayTest.app/PixabayTest";
				INFOPLIST_FILE = PixabayTestUITests/Info.plist;
				LD_RUNPATH_SEARCH_PATHS = "$(inherited) @executable_path/Frameworks @loader_path/Frameworks";
				PRODUCT_BUNDLE_IDENTIFIER = "azat-zul.PixabayTestUITests";
				PRODUCT_NAME = "$(TARGET_NAME)";
				TEST_HOST = "$(BUNDLE_LOADER)";
			};
			name = Release;
		};
		2DEE230488E57C43FB124311 /* Debug */ = {
			isa = XCBuildConfiguration;
			buildSettings = {
				ASSETCATALOG_COMPILER_APPICON_NAME = AppIcon;
				INFOPLIST_FILE = PixabayTest/Info.plist;
				LD_RUNPATH_SEARCH_PATHS = "$(inherited) @executable_path/Frameworks";
				PRODUCT_BUNDLE_IDENTIFIER = "azat-zul.PixabayTest";
				PRODUCT_NAME = "$(TARGET_NAME)";
			};
			name = Debug;
		};
		2DEE2511A89A7FDB0E11E694 /* Debug */ = {
			isa = XCBuildConfiguration;
			buildSettings = {
				BUNDLE_LOADER = "$(BUILT_PRODUCTS_DIR)/PixabayTest.app/PixabayTest";
				INFOPLIST_FILE = PixabayTestUITests/Info.plist;
				LD_RUNPATH_SEARCH_PATHS = "$(inherited) @executable_path/Frameworks @loader_path/Frameworks";
				PRODUCT_BUNDLE_IDENTIFIER = "azat-zul.PixabayTestUITests";
				PRODUCT_NAME = "$(TARGET_NAME)";
				TEST_HOST = "$(BUNDLE_LOADER)";
			};
			name = Debug;
		};
		2DEE27B72EA0F5544455ABD0 /* Release */ = {
			isa = XCBuildConfiguration;
			buildSettings = {
				BUNDLE_LOADER = "$(BUILT_PRODUCTS_DIR)/PixabayTest.app/PixabayTest";
				INFOPLIST_FILE = PixabayTestTests/Info.plist;
				LD_RUNPATH_SEARCH_PATHS = "$(inherited) @executable_path/Frameworks @loader_path/Frameworks";
				PRODUCT_BUNDLE_IDENTIFIER = "azat-zul.PixabayTestTests";
				PRODUCT_NAME = "$(TARGET_NAME)";
				TEST_HOST = "$(BUNDLE_LOADER)";
			};
			name = Release;
		};
		2DEE29F0D20AF70D6B80D2AA /* Debug */ = {
			isa = XCBuildConfiguration;
			buildSettings = {
				ALWAYS_SEARCH_USER_PATHS = NO;
				CLANG_ANALYZER_NONNULL = YES;
				CLANG_CXX_LANGUAGE_STANDARD = "gnu++0x";
				CLANG_CXX_LIBRARY = "libc++";
				CLANG_ENABLE_MODULES = YES;
				CLANG_ENABLE_OBJC_ARC = YES;
				CLANG_WARN_BOOL_CONVERSION = YES;
				CLANG_WARN_CONSTANT_CONVERSION = YES;
				CLANG_WARN_DIRECT_OBJC_ISA_USAGE = YES_ERROR;
				CLANG_WARN_EMPTY_BODY = YES;
				CLANG_WARN_ENUM_CONVERSION = YES;
				CLANG_WARN_INT_CONVERSION = YES;
				CLANG_WARN_OBJC_ROOT_CLASS = YES_ERROR;
				CLANG_WARN_UNREACHABLE_CODE = YES;
				CLANG_WARN__DUPLICATE_METHOD_MATCH = YES;
				"CODE_SIGN_IDENTITY[sdk=iphoneos*]" = "iPhone Developer";
				COPY_PHASE_STRIP = NO;
				DEBUG_INFORMATION_FORMAT = dwarf;
				ENABLE_STRICT_OBJC_MSGSEND = YES;
				ENABLE_TESTABILITY = YES;
				GCC_C_LANGUAGE_STANDARD = gnu99;
				GCC_DYNAMIC_NO_PIC = NO;
				GCC_NO_COMMON_BLOCKS = YES;
				GCC_OPTIMIZATION_LEVEL = 0;
				GCC_PREPROCESSOR_DEFINITIONS = (
					"DEBUG=1",
					"$(inherited)",
				);
				GCC_WARN_64_TO_32_BIT_CONVERSION = YES;
				GCC_WARN_ABOUT_RETURN_TYPE = YES_ERROR;
				GCC_WARN_UNDECLARED_SELECTOR = YES;
				GCC_WARN_UNINITIALIZED_AUTOS = YES_AGGRESSIVE;
				GCC_WARN_UNUSED_FUNCTION = YES;
				GCC_WARN_UNUSED_VARIABLE = YES;
				IPHONEOS_DEPLOYMENT_TARGET = 9.3;
				MTL_ENABLE_DEBUG_INFO = YES;
				ONLY_ACTIVE_ARCH = YES;
				SDKROOT = iphoneos;
				TARGETED_DEVICE_FAMILY = "1,2";
			};
			name = Debug;
		};
		2DEE2A4667001F08A114E93D /* Release */ = {
			isa = XCBuildConfiguration;
			buildSettings = {
				ASSETCATALOG_COMPILER_APPICON_NAME = AppIcon;
				INFOPLIST_FILE = PixabayTest/Info.plist;
				LD_RUNPATH_SEARCH_PATHS = "$(inherited) @executable_path/Frameworks";
				PRODUCT_BUNDLE_IDENTIFIER = "azat-zul.PixabayTest";
				PRODUCT_NAME = "$(TARGET_NAME)";
			};
			name = Release;
		};
		2DEE2CBE5CCDFB1441D4F78F /* Debug */ = {
			isa = XCBuildConfiguration;
			buildSettings = {
				BUNDLE_LOADER = "$(BUILT_PRODUCTS_DIR)/PixabayTest.app/PixabayTest";
				INFOPLIST_FILE = PixabayTestTests/Info.plist;
				LD_RUNPATH_SEARCH_PATHS = "$(inherited) @executable_path/Frameworks @loader_path/Frameworks";
				PRODUCT_BUNDLE_IDENTIFIER = "azat-zul.PixabayTestTests";
				PRODUCT_NAME = "$(TARGET_NAME)";
				TEST_HOST = "$(BUNDLE_LOADER)";
			};
			name = Debug;
		};
/* End XCBuildConfiguration section */

/* Begin XCConfigurationList section */
		2DEE212F682A0D6AEF18518B /* Build configuration list for PBXNativeTarget "PixabayTestUITests" */ = {
			isa = XCConfigurationList;
			buildConfigurations = (
				2DEE2511A89A7FDB0E11E694 /* Debug */,
				2DEE20CDBE63B5A2F25A9280 /* Release */,
			);
			defaultConfigurationIsVisible = 0;
		};
		2DEE2684717522E088969B90 /* Build configuration list for PBXNativeTarget "PixabayTest" */ = {
			isa = XCConfigurationList;
			buildConfigurations = (
				2DEE230488E57C43FB124311 /* Debug */,
				2DEE2A4667001F08A114E93D /* Release */,
			);
			defaultConfigurationIsVisible = 0;
		};
		2DEE2CBB514C652E819C7B97 /* Build configuration list for PBXNativeTarget "PixabayTestTests" */ = {
			isa = XCConfigurationList;
			buildConfigurations = (
				2DEE2CBE5CCDFB1441D4F78F /* Debug */,
				2DEE27B72EA0F5544455ABD0 /* Release */,
			);
			defaultConfigurationIsVisible = 0;
		};
		2DEE2D6BAC6CDFC345E6A02B /* Build configuration list for PBXProject "PixabayTest" */ = {
			isa = XCConfigurationList;
			buildConfigurations = (
				2DEE29F0D20AF70D6B80D2AA /* Debug */,
				2DEE20583B3BFEE94F4953CA /* Release */,
			);
			defaultConfigurationIsVisible = 0;
			defaultConfigurationName = Release;
		};
/* End XCConfigurationList section */
	};
	rootObject = 2DEE29C91D1920B7F6B98773 /* Project object */;
}
