<?xml version="1.0" encoding="UTF-8"?>
<!DOCTYPE plist PUBLIC "-//Apple//DTD PLIST 1.0//EN" "http://www.apple.com/DTDs/PropertyList-1.0.dtd">
<plist version="1.0">
<dict>
	<key>archiveVersion</key>
	<string>1</string>
	<key>classes</key>
	<dict/>
	<key>objectVersion</key>
	<string>46</string>
	<key>objects</key>
	<dict>
		<key>2DEE201FA2C1F8601611F647</key>
		<dict>
			<key>buildActionMask</key>
			<string>2147483647</string>
			<key>files</key>
			<array>
				<string>2DEE2C427D10ED5F733320AB</string>
			</array>
			<key>isa</key>
			<string>PBXSourcesBuildPhase</string>
			<key>runOnlyForDeploymentPostprocessing</key>
			<string>0</string>
		</dict>
		<key>2DEE2024C814828E38A1151D</key>
		<dict>
			<key>isa</key>
			<string>PBXFileReference</string>
			<key>lastKnownFileType</key>
			<string>sourcecode.c.objc</string>
			<key>path</key>
			<string>PixabayTestUITests.m</string>
			<key>sourceTree</key>
			<string>&lt;group&gt;</string>
		</dict>
		<key>2DEE203A2211B072A8C34608</key>
		<dict>
			<key>buildActionMask</key>
			<string>2147483647</string>
			<key>files</key>
			<array>
				<string>2DEE2B7B1904F4EB2E5BF115</string>
			</array>
			<key>isa</key>
			<string>PBXSourcesBuildPhase</string>
			<key>runOnlyForDeploymentPostprocessing</key>
			<string>0</string>
		</dict>
		<key>2DEE20583B3BFEE94F4953CA</key>
		<dict>
			<key>buildSettings</key>
			<dict>
				<key>ALWAYS_SEARCH_USER_PATHS</key>
				<string>NO</string>
				<key>CLANG_ANALYZER_NONNULL</key>
				<string>YES</string>
				<key>CLANG_CXX_LANGUAGE_STANDARD</key>
				<string>gnu++0x</string>
				<key>CLANG_CXX_LIBRARY</key>
				<string>libc++</string>
				<key>CLANG_ENABLE_MODULES</key>
				<string>YES</string>
				<key>CLANG_ENABLE_OBJC_ARC</key>
				<string>YES</string>
				<key>CLANG_WARN_BOOL_CONVERSION</key>
				<string>YES</string>
				<key>CLANG_WARN_CONSTANT_CONVERSION</key>
				<string>YES</string>
				<key>CLANG_WARN_DIRECT_OBJC_ISA_USAGE</key>
				<string>YES_ERROR</string>
				<key>CLANG_WARN_EMPTY_BODY</key>
				<string>YES</string>
				<key>CLANG_WARN_ENUM_CONVERSION</key>
				<string>YES</string>
				<key>CLANG_WARN_INT_CONVERSION</key>
				<string>YES</string>
				<key>CLANG_WARN_OBJC_ROOT_CLASS</key>
				<string>YES_ERROR</string>
				<key>CLANG_WARN_UNREACHABLE_CODE</key>
				<string>YES</string>
				<key>CLANG_WARN__DUPLICATE_METHOD_MATCH</key>
				<string>YES</string>
				<key>CODE_SIGN_IDENTITY[sdk=iphoneos*]</key>
				<string>iPhone Developer</string>
				<key>COPY_PHASE_STRIP</key>
				<string>NO</string>
				<key>DEBUG_INFORMATION_FORMAT</key>
				<string>dwarf-with-dsym</string>
				<key>ENABLE_NS_ASSERTIONS</key>
				<string>NO</string>
				<key>ENABLE_STRICT_OBJC_MSGSEND</key>
				<string>YES</string>
				<key>GCC_C_LANGUAGE_STANDARD</key>
				<string>gnu99</string>
				<key>GCC_NO_COMMON_BLOCKS</key>
				<string>YES</string>
				<key>GCC_WARN_64_TO_32_BIT_CONVERSION</key>
				<string>YES</string>
				<key>GCC_WARN_ABOUT_RETURN_TYPE</key>
				<string>YES_ERROR</string>
				<key>GCC_WARN_UNDECLARED_SELECTOR</key>
				<string>YES</string>
				<key>GCC_WARN_UNINITIALIZED_AUTOS</key>
				<string>YES_AGGRESSIVE</string>
				<key>GCC_WARN_UNUSED_FUNCTION</key>
				<string>YES</string>
				<key>GCC_WARN_UNUSED_VARIABLE</key>
				<string>YES</string>
				<key>IPHONEOS_DEPLOYMENT_TARGET</key>
				<string>9.3</string>
				<key>MTL_ENABLE_DEBUG_INFO</key>
				<string>NO</string>
				<key>SDKROOT</key>
				<string>iphoneos</string>
				<key>TARGETED_DEVICE_FAMILY</key>
				<string>1,2</string>
				<key>VALIDATE_PRODUCT</key>
				<string>YES</string>
			</dict>
			<key>isa</key>
			<string>XCBuildConfiguration</string>
			<key>name</key>
			<string>Release</string>
		</dict>
		<key>2DEE208514168D6BE2BE73C3</key>
		<dict>
			<key>fileRef</key>
			<string>2DEE27126C5A9CB7F49EAC8F</string>
			<key>isa</key>
			<string>PBXBuildFile</string>
		</dict>
		<key>2DEE209BD13C5336F26DC7D2</key>
		<dict>
			<key>isa</key>
			<string>PBXFileReference</string>
			<key>lastKnownFileType</key>
			<string>file.storyboard</string>
			<key>name</key>
			<string>Base</string>
			<key>path</key>
			<string>Base.lproj/Main.storyboard</string>
			<key>sourceTree</key>
			<string>&lt;group&gt;</string>
		</dict>
		<key>2DEE20CC57D57D4D265C242C</key>
		<dict>
			<key>fileRef</key>
			<string>2DEE20F19562C0A3EF64BB15</string>
			<key>isa</key>
			<string>PBXBuildFile</string>
		</dict>
		<key>2DEE20CDBE63B5A2F25A9280</key>
		<dict>
			<key>buildSettings</key>
			<dict>
				<key>BUNDLE_LOADER</key>
				<string>$(BUILT_PRODUCTS_DIR)/PixabayTest.app/PixabayTest</string>
				<key>INFOPLIST_FILE</key>
				<string>PixabayTestUITests/Info.plist</string>
				<key>LD_RUNPATH_SEARCH_PATHS</key>
				<string>$(inherited) @executable_path/Frameworks @loader_path/Frameworks</string>
				<key>PRODUCT_BUNDLE_IDENTIFIER</key>
				<string>azat-zul.PixabayTestUITests</string>
				<key>PRODUCT_NAME</key>
				<string>$(TARGET_NAME)</string>
				<key>TEST_HOST</key>
				<string>$(BUNDLE_LOADER)</string>
			</dict>
			<key>isa</key>
			<string>XCBuildConfiguration</string>
			<key>name</key>
			<string>Release</string>
		</dict>
		<key>2DEE20D3B22A03067B61B852</key>
		<dict>
			<key>fileRef</key>
			<string>2DEE22642EE874AC897CE3B8</string>
			<key>isa</key>
			<string>PBXBuildFile</string>
		</dict>
		<key>2DEE20EB33A97440DE29D874</key>
		<dict>
			<key>fileRef</key>
			<string>2DEE2E8DA5618D9C12395BA2</string>
			<key>isa</key>
			<string>PBXBuildFile</string>
		</dict>
		<key>2DEE20F19562C0A3EF64BB15</key>
		<dict>
			<key>isa</key>
			<string>PBXFileReference</string>
			<key>lastKnownFileType</key>
			<string>sourcecode.c.objc</string>
			<key>path</key>
			<string>main.m</string>
			<key>sourceTree</key>
			<string>&lt;group&gt;</string>
		</dict>
		<key>2DEE212F682A0D6AEF18518B</key>
		<dict>
			<key>buildConfigurations</key>
			<array>
				<string>2DEE2511A89A7FDB0E11E694</string>
				<string>2DEE20CDBE63B5A2F25A9280</string>
			</array>
			<key>defaultConfigurationIsVisible</key>
			<string>0</string>
			<key>isa</key>
			<string>XCConfigurationList</string>
		</dict>
		<key>2DEE2174BA26AF01DAC69BBC</key>
		<dict>
			<key>buildActionMask</key>
			<string>2147483647</string>
			<key>files</key>
			<array>
				<string>2DEE208514168D6BE2BE73C3</string>
			</array>
			<key>isa</key>
			<string>PBXResourcesBuildPhase</string>
			<key>runOnlyForDeploymentPostprocessing</key>
			<string>0</string>
		</dict>
		<key>2DEE2212E76F422445808EBA</key>
		<dict>
			<key>isa</key>
			<string>PBXFileReference</string>
			<key>lastKnownFileType</key>
			<string>sourcecode.c.objc</string>
			<key>path</key>
			<string>AppDelegate.m</string>
			<key>sourceTree</key>
			<string>&lt;group&gt;</string>
		</dict>
		<key>2DEE2249D2ACFBABDC800D95</key>
		<dict>
			<key>explicitFileType</key>
			<string>wrapper.cfbundle</string>
			<key>includeInIndex</key>
			<string>0</string>
			<key>isa</key>
			<string>PBXFileReference</string>
			<key>path</key>
			<string>PixabayTestUITests.xctest</string>
			<key>sourceTree</key>
			<string>BUILT_PRODUCTS_DIR</string>
		</dict>
		<key>2DEE22642EE874AC897CE3B8</key>
		<dict>
			<key>children</key>
			<array>
				<string>2DEE298EAC35BFE7ADFB3562</string>
			</array>
			<key>isa</key>
			<string>PBXVariantGroup</string>
			<key>name</key>
			<string>LaunchScreen.storyboard</string>
			<key>sourceTree</key>
			<string>&lt;group&gt;</string>
		</dict>
		<key>2DEE22B89168F996C7FDDE11</key>
		<dict>
			<key>isa</key>
			<string>PBXTargetDependency</string>
			<key>target</key>
			<string>2DEE2909B3AAC627FCB3F1DE</string>
			<key>targetProxy</key>
			<string>2DEE2BD73C669199DA74EE4A</string>
		</dict>
		<key>2DEE230488E57C43FB124311</key>
		<dict>
			<key>baseConfigurationReference</key>
			<string>DC17CFDAA63FC7BA74573858</string>
			<key>buildSettings</key>
			<dict>
				<key>ASSETCATALOG_COMPILER_APPICON_NAME</key>
				<string>AppIcon</string>
				<key>INFOPLIST_FILE</key>
				<string>PixabayTest/Info.plist</string>
				<key>LD_RUNPATH_SEARCH_PATHS</key>
				<string>$(inherited) @executable_path/Frameworks</string>
				<key>PRODUCT_BUNDLE_IDENTIFIER</key>
				<string>azat-zul.PixabayTest</string>
				<key>PRODUCT_NAME</key>
				<string>$(TARGET_NAME)</string>
			</dict>
			<key>isa</key>
			<string>XCBuildConfiguration</string>
			<key>name</key>
			<string>Debug</string>
		</dict>
		<key>2DEE232EF943F1288D0B477B</key>
		<dict>
			<key>fileRef</key>
			<string>2DEE2F68AC47A5518D9B3F9B</string>
			<key>isa</key>
			<string>PBXBuildFile</string>
		</dict>
		<key>2DEE237EFE3EABDB2C845EFE</key>
		<dict>
			<key>fileRef</key>
			<string>2DEE2212E76F422445808EBA</string>
			<key>isa</key>
			<string>PBXBuildFile</string>
		</dict>
		<key>2DEE240CDBE3CD1962B8F31F</key>
		<dict>
			<key>explicitFileType</key>
			<string>wrapper.application</string>
			<key>includeInIndex</key>
			<string>0</string>
			<key>isa</key>
			<string>PBXFileReference</string>
			<key>path</key>
			<string>PixabayTest.app</string>
			<key>sourceTree</key>
			<string>BUILT_PRODUCTS_DIR</string>
		</dict>
		<key>2DEE246CBDE737A5DC69B9A8</key>
		<dict>
			<key>fileRef</key>
			<string>2DEE2827A624C2142E4CB11E</string>
			<key>isa</key>
			<string>PBXBuildFile</string>
		</dict>
		<key>2DEE2495974ED2FF29A5F6A3</key>
		<dict>
			<key>children</key>
			<array>
				<string>2DEE2BF5C9B953008CA55675</string>
				<string>2DEE2607E96519AE18B6585A</string>
				<string>2DEE24FF7793944552BC1A32</string>
				<string>2DEE27B0F7381690C96ADCB1</string>
				<string>50CF193D5E4C6F57E5F537EA</string>
				<string>7802F826982E2D47C6F41EBD</string>
			</array>
			<key>isa</key>
			<string>PBXGroup</string>
			<key>sourceTree</key>
			<string>&lt;group&gt;</string>
		</dict>
		<key>2DEE24B0567E48BCE4D0A0E6</key>
		<dict>
			<key>fileRef</key>
			<string>2DEE2FD7E6641489AAA24D91</string>
			<key>isa</key>
			<string>PBXBuildFile</string>
		</dict>
		<key>2DEE24FF7793944552BC1A32</key>
		<dict>
			<key>children</key>
			<array>
				<string>2DEE2E8DA5618D9C12395BA2</string>
				<string>2DEE2AE659D3A899A2B0A555</string>
			</array>
			<key>isa</key>
			<string>PBXGroup</string>
			<key>path</key>
			<string>PixabayTestTests</string>
			<key>sourceTree</key>
			<string>&lt;group&gt;</string>
		</dict>
		<key>2DEE2511A89A7FDB0E11E694</key>
		<dict>
			<key>buildSettings</key>
			<dict>
				<key>BUNDLE_LOADER</key>
				<string>$(BUILT_PRODUCTS_DIR)/PixabayTest.app/PixabayTest</string>
				<key>INFOPLIST_FILE</key>
				<string>PixabayTestUITests/Info.plist</string>
				<key>LD_RUNPATH_SEARCH_PATHS</key>
				<string>$(inherited) @executable_path/Frameworks @loader_path/Frameworks</string>
				<key>PRODUCT_BUNDLE_IDENTIFIER</key>
				<string>azat-zul.PixabayTestUITests</string>
				<key>PRODUCT_NAME</key>
				<string>$(TARGET_NAME)</string>
				<key>TEST_HOST</key>
				<string>$(BUNDLE_LOADER)</string>
			</dict>
			<key>isa</key>
			<string>XCBuildConfiguration</string>
			<key>name</key>
			<string>Debug</string>
		</dict>
		<key>2DEE25AC7A25C1B443FEFD6C</key>
		<dict>
			<key>containerPortal</key>
			<string>2DEE29C91D1920B7F6B98773</string>
			<key>isa</key>
			<string>PBXContainerItemProxy</string>
			<key>proxyType</key>
			<string>1</string>
			<key>remoteGlobalIDString</key>
			<string>2DEE2909B3AAC627FCB3F1DE</string>
			<key>remoteInfo</key>
			<string>PixabayTest</string>
		</dict>
		<key>2DEE2607E96519AE18B6585A</key>
		<dict>
			<key>children</key>
			<array>
				<string>2DEE2F68AC47A5518D9B3F9B</string>
				<string>2DEE2827A624C2142E4CB11E</string>
				<string>2DEE22642EE874AC897CE3B8</string>
				<string>2DEE287A2509B2932FFDB4DD</string>
				<string>2DEE2BEB1E5D7322F36ADB83</string>
				<string>2DEE2212E76F422445808EBA</string>
				<string>2DEE2FD7E6641489AAA24D91</string>
				<string>2DEE278B73706A8D1A2AADBF</string>
				<string>2DEE27DF09091FF2A186F884</string>
			</array>
			<key>isa</key>
			<string>PBXGroup</string>
			<key>path</key>
			<string>PixabayTest</string>
			<key>sourceTree</key>
			<string>&lt;group&gt;</string>
		</dict>
		<key>2DEE264E1E4D0CE254C3E52F</key>
		<dict>
			<key>isa</key>
			<string>PBXTargetDependency</string>
			<key>target</key>
			<string>2DEE2909B3AAC627FCB3F1DE</string>
			<key>targetProxy</key>
			<string>2DEE25AC7A25C1B443FEFD6C</string>
		</dict>
		<key>2DEE2684717522E088969B90</key>
		<dict>
			<key>buildConfigurations</key>
			<array>
				<string>2DEE230488E57C43FB124311</string>
				<string>2DEE2A4667001F08A114E93D</string>
			</array>
			<key>defaultConfigurationIsVisible</key>
			<string>0</string>
			<key>isa</key>
			<string>XCConfigurationList</string>
		</dict>
		<key>2DEE268A1CC14C2857AD5B85</key>
		<dict>
			<key>buildConfigurationList</key>
			<string>2DEE212F682A0D6AEF18518B</string>
			<key>buildPhases</key>
			<array>
				<string>2DEE203A2211B072A8C34608</string>
				<string>2DEE282E2E50BC332F5711DD</string>
				<string>2DEE2174BA26AF01DAC69BBC</string>
			</array>
			<key>buildRules</key>
			<array/>
			<key>dependencies</key>
			<array>
				<string>2DEE22B89168F996C7FDDE11</string>
			</array>
			<key>isa</key>
			<string>PBXNativeTarget</string>
			<key>name</key>
			<string>PixabayTestUITests</string>
			<key>productName</key>
			<string>PixabayTestUITests</string>
			<key>productReference</key>
			<string>2DEE2249D2ACFBABDC800D95</string>
			<key>productType</key>
			<string>com.apple.product-type.bundle.ui-testing</string>
		</dict>
		<key>2DEE27126C5A9CB7F49EAC8F</key>
		<dict>
			<key>isa</key>
			<string>PBXFileReference</string>
			<key>lastKnownFileType</key>
			<string>text.plist.info</string>
			<key>path</key>
			<string>Info.plist</string>
			<key>sourceTree</key>
			<string>&lt;group&gt;</string>
		</dict>
		<key>2DEE278B73706A8D1A2AADBF</key>
		<dict>
			<key>isa</key>
			<string>PBXFileReference</string>
			<key>lastKnownFileType</key>
			<string>sourcecode.c.h</string>
			<key>path</key>
			<string>ViewController.h</string>
			<key>sourceTree</key>
			<string>&lt;group&gt;</string>
		</dict>
		<key>2DEE27B0F7381690C96ADCB1</key>
		<dict>
			<key>children</key>
			<array>
				<string>2DEE27126C5A9CB7F49EAC8F</string>
				<string>2DEE2024C814828E38A1151D</string>
			</array>
			<key>isa</key>
			<string>PBXGroup</string>
			<key>path</key>
			<string>PixabayTestUITests</string>
			<key>sourceTree</key>
			<string>&lt;group&gt;</string>
		</dict>
		<key>2DEE27B72EA0F5544455ABD0</key>
		<dict>
			<key>buildSettings</key>
			<dict>
				<key>BUNDLE_LOADER</key>
				<string>$(BUILT_PRODUCTS_DIR)/PixabayTest.app/PixabayTest</string>
				<key>INFOPLIST_FILE</key>
				<string>PixabayTestTests/Info.plist</string>
				<key>LD_RUNPATH_SEARCH_PATHS</key>
				<string>$(inherited) @executable_path/Frameworks @loader_path/Frameworks</string>
				<key>PRODUCT_BUNDLE_IDENTIFIER</key>
				<string>azat-zul.PixabayTestTests</string>
				<key>PRODUCT_NAME</key>
				<string>$(TARGET_NAME)</string>
				<key>TEST_HOST</key>
				<string>$(BUNDLE_LOADER)</string>
			</dict>
			<key>isa</key>
			<string>XCBuildConfiguration</string>
			<key>name</key>
			<string>Release</string>
		</dict>
		<key>2DEE27DF09091FF2A186F884</key>
		<dict>
			<key>isa</key>
			<string>PBXFileReference</string>
			<key>lastKnownFileType</key>
			<string>sourcecode.c.objc</string>
			<key>path</key>
			<string>ViewController.m</string>
			<key>sourceTree</key>
			<string>&lt;group&gt;</string>
		</dict>
		<key>2DEE27ED73855B38878D57A6</key>
		<dict>
			<key>buildActionMask</key>
			<string>2147483647</string>
			<key>files</key>
			<array>
				<string>2DEE20CC57D57D4D265C242C</string>
				<string>2DEE237EFE3EABDB2C845EFE</string>
				<string>2DEE29DF5644DB68C69C6B70</string>
			</array>
			<key>isa</key>
			<string>PBXSourcesBuildPhase</string>
			<key>runOnlyForDeploymentPostprocessing</key>
			<string>0</string>
		</dict>
		<key>2DEE2827A624C2142E4CB11E</key>
		<dict>
			<key>isa</key>
			<string>PBXFileReference</string>
			<key>lastKnownFileType</key>
			<string>folder.assetcatalog</string>
			<key>path</key>
			<string>Assets.xcassets</string>
			<key>sourceTree</key>
			<string>&lt;group&gt;</string>
		</dict>
		<key>2DEE282E2E50BC332F5711DD</key>
		<dict>
			<key>buildActionMask</key>
			<string>2147483647</string>
			<key>files</key>
			<array/>
			<key>isa</key>
			<string>PBXFrameworksBuildPhase</string>
			<key>runOnlyForDeploymentPostprocessing</key>
			<string>0</string>
		</dict>
		<key>2DEE287A2509B2932FFDB4DD</key>
		<dict>
			<key>children</key>
			<array>
				<string>2DEE20F19562C0A3EF64BB15</string>
			</array>
			<key>isa</key>
			<string>PBXGroup</string>
			<key>name</key>
			<string>Supporting Files</string>
			<key>sourceTree</key>
			<string>&lt;group&gt;</string>
		</dict>
		<key>2DEE2909B3AAC627FCB3F1DE</key>
		<dict>
			<key>buildConfigurationList</key>
			<string>2DEE2684717522E088969B90</string>
			<key>buildPhases</key>
			<array>
				<string>5E6B5096E6BD5CAA83CBE86C</string>
				<string>2DEE27ED73855B38878D57A6</string>
				<string>2DEE2D308BD15CB7BD634F62</string>
				<string>2DEE29E45DB27AB2118025B1</string>
				<string>8A6C5DE9E525ABF13DBA4379</string>
			</array>
			<key>buildRules</key>
			<array/>
			<key>dependencies</key>
			<array/>
			<key>isa</key>
			<string>PBXNativeTarget</string>
			<key>name</key>
			<string>PixabayTest</string>
			<key>productName</key>
			<string>PixabayTest</string>
			<key>productReference</key>
			<string>2DEE240CDBE3CD1962B8F31F</string>
			<key>productType</key>
			<string>com.apple.product-type.application</string>
		</dict>
		<key>2DEE298EAC35BFE7ADFB3562</key>
		<dict>
			<key>isa</key>
			<string>PBXFileReference</string>
			<key>lastKnownFileType</key>
			<string>file.storyboard</string>
			<key>name</key>
			<string>Base</string>
			<key>path</key>
			<string>Base.lproj/LaunchScreen.storyboard</string>
			<key>sourceTree</key>
			<string>&lt;group&gt;</string>
		</dict>
		<key>2DEE29C91D1920B7F6B98773</key>
		<dict>
			<key>attributes</key>
			<dict>
				<key>ORGANIZATIONNAME</key>
				<string>Azat Zul</string>
			</dict>
			<key>buildConfigurationList</key>
			<string>2DEE2D6BAC6CDFC345E6A02B</string>
			<key>compatibilityVersion</key>
			<string>Xcode 3.2</string>
			<key>developmentRegion</key>
			<string>English</string>
			<key>hasScannedForEncodings</key>
			<string>0</string>
			<key>isa</key>
			<string>PBXProject</string>
			<key>knownRegions</key>
			<array>
				<string>en</string>
			</array>
			<key>mainGroup</key>
			<string>2DEE2495974ED2FF29A5F6A3</string>
			<key>productRefGroup</key>
			<string>2DEE2BF5C9B953008CA55675</string>
			<key>projectDirPath</key>
			<string></string>
			<key>projectReferences</key>
			<array/>
			<key>projectRoot</key>
			<string></string>
			<key>targets</key>
			<array>
				<string>2DEE2909B3AAC627FCB3F1DE</string>
				<string>2DEE2FE83CBBC281FB4047F3</string>
				<string>2DEE268A1CC14C2857AD5B85</string>
			</array>
		</dict>
		<key>2DEE29DF5644DB68C69C6B70</key>
		<dict>
			<key>fileRef</key>
			<string>2DEE27DF09091FF2A186F884</string>
			<key>isa</key>
			<string>PBXBuildFile</string>
		</dict>
		<key>2DEE29E45DB27AB2118025B1</key>
		<dict>
			<key>buildActionMask</key>
			<string>2147483647</string>
			<key>files</key>
			<array>
				<string>2DEE232EF943F1288D0B477B</string>
				<string>2DEE246CBDE737A5DC69B9A8</string>
				<string>2DEE20D3B22A03067B61B852</string>
				<string>2DEE24B0567E48BCE4D0A0E6</string>
			</array>
			<key>isa</key>
			<string>PBXResourcesBuildPhase</string>
			<key>runOnlyForDeploymentPostprocessing</key>
			<string>0</string>
		</dict>
		<key>2DEE29F0D20AF70D6B80D2AA</key>
		<dict>
			<key>buildSettings</key>
			<dict>
				<key>ALWAYS_SEARCH_USER_PATHS</key>
				<string>NO</string>
				<key>CLANG_ANALYZER_NONNULL</key>
				<string>YES</string>
				<key>CLANG_CXX_LANGUAGE_STANDARD</key>
				<string>gnu++0x</string>
				<key>CLANG_CXX_LIBRARY</key>
				<string>libc++</string>
				<key>CLANG_ENABLE_MODULES</key>
				<string>YES</string>
				<key>CLANG_ENABLE_OBJC_ARC</key>
				<string>YES</string>
				<key>CLANG_WARN_BOOL_CONVERSION</key>
				<string>YES</string>
				<key>CLANG_WARN_CONSTANT_CONVERSION</key>
				<string>YES</string>
				<key>CLANG_WARN_DIRECT_OBJC_ISA_USAGE</key>
				<string>YES_ERROR</string>
				<key>CLANG_WARN_EMPTY_BODY</key>
				<string>YES</string>
				<key>CLANG_WARN_ENUM_CONVERSION</key>
				<string>YES</string>
				<key>CLANG_WARN_INT_CONVERSION</key>
				<string>YES</string>
				<key>CLANG_WARN_OBJC_ROOT_CLASS</key>
				<string>YES_ERROR</string>
				<key>CLANG_WARN_UNREACHABLE_CODE</key>
				<string>YES</string>
				<key>CLANG_WARN__DUPLICATE_METHOD_MATCH</key>
				<string>YES</string>
				<key>CODE_SIGN_IDENTITY[sdk=iphoneos*]</key>
				<string>iPhone Developer</string>
				<key>COPY_PHASE_STRIP</key>
				<string>NO</string>
				<key>DEBUG_INFORMATION_FORMAT</key>
				<string>dwarf</string>
				<key>ENABLE_STRICT_OBJC_MSGSEND</key>
				<string>YES</string>
				<key>ENABLE_TESTABILITY</key>
				<string>YES</string>
				<key>GCC_C_LANGUAGE_STANDARD</key>
				<string>gnu99</string>
				<key>GCC_DYNAMIC_NO_PIC</key>
				<string>NO</string>
				<key>GCC_NO_COMMON_BLOCKS</key>
				<string>YES</string>
				<key>GCC_OPTIMIZATION_LEVEL</key>
				<string>0</string>
				<key>GCC_PREPROCESSOR_DEFINITIONS</key>
				<array>
					<string>DEBUG=1</string>
					<string>$(inherited)</string>
				</array>
				<key>GCC_WARN_64_TO_32_BIT_CONVERSION</key>
				<string>YES</string>
				<key>GCC_WARN_ABOUT_RETURN_TYPE</key>
				<string>YES_ERROR</string>
				<key>GCC_WARN_UNDECLARED_SELECTOR</key>
				<string>YES</string>
				<key>GCC_WARN_UNINITIALIZED_AUTOS</key>
				<string>YES_AGGRESSIVE</string>
				<key>GCC_WARN_UNUSED_FUNCTION</key>
				<string>YES</string>
				<key>GCC_WARN_UNUSED_VARIABLE</key>
				<string>YES</string>
				<key>IPHONEOS_DEPLOYMENT_TARGET</key>
				<string>9.3</string>
				<key>MTL_ENABLE_DEBUG_INFO</key>
				<string>YES</string>
				<key>ONLY_ACTIVE_ARCH</key>
				<string>YES</string>
				<key>SDKROOT</key>
				<string>iphoneos</string>
				<key>TARGETED_DEVICE_FAMILY</key>
				<string>1,2</string>
			</dict>
			<key>isa</key>
			<string>XCBuildConfiguration</string>
			<key>name</key>
			<string>Debug</string>
		</dict>
		<key>2DEE2A4667001F08A114E93D</key>
		<dict>
			<key>baseConfigurationReference</key>
			<string>47948BF9B4EA762A31A8F609</string>
			<key>buildSettings</key>
			<dict>
				<key>ASSETCATALOG_COMPILER_APPICON_NAME</key>
				<string>AppIcon</string>
				<key>INFOPLIST_FILE</key>
				<string>PixabayTest/Info.plist</string>
				<key>LD_RUNPATH_SEARCH_PATHS</key>
				<string>$(inherited) @executable_path/Frameworks</string>
				<key>PRODUCT_BUNDLE_IDENTIFIER</key>
				<string>azat-zul.PixabayTest</string>
				<key>PRODUCT_NAME</key>
				<string>$(TARGET_NAME)</string>
			</dict>
			<key>isa</key>
			<string>XCBuildConfiguration</string>
			<key>name</key>
			<string>Release</string>
		</dict>
		<key>2DEE2A5838ACCCFF1CF234C6</key>
		<dict>
			<key>buildActionMask</key>
			<string>2147483647</string>
			<key>files</key>
			<array/>
			<key>isa</key>
			<string>PBXFrameworksBuildPhase</string>
			<key>runOnlyForDeploymentPostprocessing</key>
			<string>0</string>
		</dict>
		<key>2DEE2AE659D3A899A2B0A555</key>
		<dict>
			<key>isa</key>
			<string>PBXFileReference</string>
			<key>lastKnownFileType</key>
			<string>sourcecode.c.objc</string>
			<key>path</key>
			<string>PixabayTestTests.m</string>
			<key>sourceTree</key>
			<string>&lt;group&gt;</string>
		</dict>
		<key>2DEE2B7B1904F4EB2E5BF115</key>
		<dict>
			<key>fileRef</key>
			<string>2DEE2024C814828E38A1151D</string>
			<key>isa</key>
			<string>PBXBuildFile</string>
		</dict>
		<key>2DEE2B7F43B6FDB7E7869ECE</key>
		<dict>
			<key>explicitFileType</key>
			<string>wrapper.cfbundle</string>
			<key>includeInIndex</key>
			<string>0</string>
			<key>isa</key>
			<string>PBXFileReference</string>
			<key>path</key>
			<string>PixabayTestTests.xctest</string>
			<key>sourceTree</key>
			<string>BUILT_PRODUCTS_DIR</string>
		</dict>
		<key>2DEE2BD73C669199DA74EE4A</key>
		<dict>
			<key>containerPortal</key>
			<string>2DEE29C91D1920B7F6B98773</string>
			<key>isa</key>
			<string>PBXContainerItemProxy</string>
			<key>proxyType</key>
			<string>1</string>
			<key>remoteGlobalIDString</key>
			<string>2DEE2909B3AAC627FCB3F1DE</string>
			<key>remoteInfo</key>
			<string>PixabayTest</string>
		</dict>
		<key>2DEE2BEB1E5D7322F36ADB83</key>
		<dict>
			<key>isa</key>
			<string>PBXFileReference</string>
			<key>lastKnownFileType</key>
			<string>sourcecode.c.h</string>
			<key>path</key>
			<string>AppDelegate.h</string>
			<key>sourceTree</key>
			<string>&lt;group&gt;</string>
		</dict>
		<key>2DEE2BF5C9B953008CA55675</key>
		<dict>
			<key>children</key>
			<array>
				<string>2DEE240CDBE3CD1962B8F31F</string>
				<string>2DEE2B7F43B6FDB7E7869ECE</string>
				<string>2DEE2249D2ACFBABDC800D95</string>
			</array>
			<key>isa</key>
			<string>PBXGroup</string>
			<key>name</key>
			<string>Products</string>
			<key>sourceTree</key>
			<string>&lt;group&gt;</string>
		</dict>
		<key>2DEE2C17B11801348F55C6CE</key>
		<dict>
			<key>buildActionMask</key>
			<string>2147483647</string>
			<key>files</key>
			<array>
				<string>2DEE20EB33A97440DE29D874</string>
			</array>
			<key>isa</key>
			<string>PBXResourcesBuildPhase</string>
			<key>runOnlyForDeploymentPostprocessing</key>
			<string>0</string>
		</dict>
		<key>2DEE2C427D10ED5F733320AB</key>
		<dict>
			<key>fileRef</key>
			<string>2DEE2AE659D3A899A2B0A555</string>
			<key>isa</key>
			<string>PBXBuildFile</string>
		</dict>
		<key>2DEE2CBB514C652E819C7B97</key>
		<dict>
			<key>buildConfigurations</key>
			<array>
				<string>2DEE2CBE5CCDFB1441D4F78F</string>
				<string>2DEE27B72EA0F5544455ABD0</string>
			</array>
			<key>defaultConfigurationIsVisible</key>
			<string>0</string>
			<key>isa</key>
			<string>XCConfigurationList</string>
		</dict>
		<key>2DEE2CBE5CCDFB1441D4F78F</key>
		<dict>
			<key>buildSettings</key>
			<dict>
				<key>BUNDLE_LOADER</key>
				<string>$(BUILT_PRODUCTS_DIR)/PixabayTest.app/PixabayTest</string>
				<key>INFOPLIST_FILE</key>
				<string>PixabayTestTests/Info.plist</string>
				<key>LD_RUNPATH_SEARCH_PATHS</key>
				<string>$(inherited) @executable_path/Frameworks @loader_path/Frameworks</string>
				<key>PRODUCT_BUNDLE_IDENTIFIER</key>
				<string>azat-zul.PixabayTestTests</string>
				<key>PRODUCT_NAME</key>
				<string>$(TARGET_NAME)</string>
				<key>TEST_HOST</key>
				<string>$(BUNDLE_LOADER)</string>
			</dict>
			<key>isa</key>
			<string>XCBuildConfiguration</string>
			<key>name</key>
			<string>Debug</string>
		</dict>
		<key>2DEE2D308BD15CB7BD634F62</key>
		<dict>
			<key>buildActionMask</key>
			<string>2147483647</string>
			<key>files</key>
			<array>
				<string>9F8C56C95FCB5EA5F1F9C812</string>
			</array>
			<key>isa</key>
			<string>PBXFrameworksBuildPhase</string>
			<key>runOnlyForDeploymentPostprocessing</key>
			<string>0</string>
		</dict>
		<key>2DEE2D6BAC6CDFC345E6A02B</key>
		<dict>
			<key>buildConfigurations</key>
			<array>
				<string>2DEE29F0D20AF70D6B80D2AA</string>
				<string>2DEE20583B3BFEE94F4953CA</string>
			</array>
			<key>defaultConfigurationIsVisible</key>
			<string>0</string>
			<key>defaultConfigurationName</key>
			<string>Release</string>
			<key>isa</key>
			<string>XCConfigurationList</string>
		</dict>
		<key>2DEE2E8DA5618D9C12395BA2</key>
		<dict>
			<key>isa</key>
			<string>PBXFileReference</string>
			<key>lastKnownFileType</key>
			<string>text.plist.info</string>
			<key>path</key>
			<string>Info.plist</string>
			<key>sourceTree</key>
			<string>&lt;group&gt;</string>
		</dict>
		<key>2DEE2F68AC47A5518D9B3F9B</key>
		<dict>
			<key>isa</key>
			<string>PBXFileReference</string>
			<key>lastKnownFileType</key>
			<string>text.plist.info</string>
			<key>path</key>
			<string>Info.plist</string>
			<key>sourceTree</key>
			<string>&lt;group&gt;</string>
		</dict>
		<key>2DEE2FD7E6641489AAA24D91</key>
		<dict>
			<key>children</key>
			<array>
				<string>2DEE209BD13C5336F26DC7D2</string>
			</array>
			<key>isa</key>
			<string>PBXVariantGroup</string>
			<key>name</key>
			<string>Main.storyboard</string>
			<key>sourceTree</key>
			<string>&lt;group&gt;</string>
		</dict>
		<key>2DEE2FE83CBBC281FB4047F3</key>
		<dict>
			<key>buildConfigurationList</key>
			<string>2DEE2CBB514C652E819C7B97</string>
			<key>buildPhases</key>
			<array>
				<string>2DEE201FA2C1F8601611F647</string>
				<string>2DEE2A5838ACCCFF1CF234C6</string>
				<string>2DEE2C17B11801348F55C6CE</string>
			</array>
			<key>buildRules</key>
			<array/>
			<key>dependencies</key>
			<array>
				<string>2DEE264E1E4D0CE254C3E52F</string>
			</array>
			<key>isa</key>
			<string>PBXNativeTarget</string>
			<key>name</key>
			<string>PixabayTestTests</string>
			<key>productName</key>
			<string>PixabayTestTests</string>
			<key>productReference</key>
			<string>2DEE2B7F43B6FDB7E7869ECE</string>
			<key>productType</key>
			<string>com.apple.product-type.bundle.unit-test</string>
		</dict>
		<key>47948BF9B4EA762A31A8F609</key>
		<dict>
			<key>includeInIndex</key>
			<string>1</string>
			<key>isa</key>
			<string>PBXFileReference</string>
			<key>lastKnownFileType</key>
			<string>text.xcconfig</string>
			<key>name</key>
			<string>Pods.release.xcconfig</string>
			<key>path</key>
			<string>Pods/Target Support Files/Pods/Pods.release.xcconfig</string>
			<key>sourceTree</key>
			<string>&lt;group&gt;</string>
		</dict>
		<key>50CF193D5E4C6F57E5F537EA</key>
		<dict>
			<key>children</key>
			<array>
				<string>DC17CFDAA63FC7BA74573858</string>
				<string>47948BF9B4EA762A31A8F609</string>
			</array>
			<key>isa</key>
			<string>PBXGroup</string>
			<key>name</key>
			<string>Pods</string>
			<key>sourceTree</key>
			<string>&lt;group&gt;</string>
		</dict>
		<key>5E6B5096E6BD5CAA83CBE86C</key>
		<dict>
			<key>buildActionMask</key>
			<string>2147483647</string>
			<key>files</key>
			<array/>
			<key>inputPaths</key>
			<array/>
			<key>isa</key>
			<string>PBXShellScriptBuildPhase</string>
			<key>name</key>
			<string>Check Pods Manifest.lock</string>
			<key>outputPaths</key>
			<array/>
			<key>runOnlyForDeploymentPostprocessing</key>
			<string>0</string>
			<key>shellPath</key>
			<string>/bin/sh</string>
			<key>shellScript</key>
			<string>diff "${PODS_ROOT}/../Podfile.lock" "${PODS_ROOT}/Manifest.lock" &gt; /dev/null
if [[ $? != 0 ]] ; then
    cat &lt;&lt; EOM
error: The sandbox is not in sync with the Podfile.lock. Run 'pod install' or update your CocoaPods installation.
EOM
    exit 1
fi
</string>
			<key>showEnvVarsInLog</key>
			<string>0</string>
		</dict>
		<key>66A7DBA6EFB94208CACF7C73</key>
		<dict>
			<key>explicitFileType</key>
			<string>archive.ar</string>
			<key>includeInIndex</key>
			<string>0</string>
			<key>isa</key>
			<string>PBXFileReference</string>
			<key>path</key>
			<string>libPods.a</string>
			<key>sourceTree</key>
			<string>BUILT_PRODUCTS_DIR</string>
		</dict>
		<key>7802F826982E2D47C6F41EBD</key>
		<dict>
			<key>children</key>
			<array>
				<string>66A7DBA6EFB94208CACF7C73</string>
			</array>
			<key>isa</key>
			<string>PBXGroup</string>
			<key>name</key>
			<string>Frameworks</string>
			<key>sourceTree</key>
			<string>&lt;group&gt;</string>
		</dict>
		<key>8A6C5DE9E525ABF13DBA4379</key>
		<dict>
			<key>buildActionMask</key>
			<string>2147483647</string>
			<key>files</key>
			<array/>
			<key>inputPaths</key>
			<array/>
			<key>isa</key>
			<string>PBXShellScriptBuildPhase</string>
			<key>name</key>
			<string>Copy Pods Resources</string>
			<key>outputPaths</key>
			<array/>
			<key>runOnlyForDeploymentPostprocessing</key>
			<string>0</string>
			<key>shellPath</key>
			<string>/bin/sh</string>
			<key>shellScript</key>
			<string>"${SRCROOT}/Pods/Target Support Files/Pods/Pods-resources.sh"
</string>
			<key>showEnvVarsInLog</key>
			<string>0</string>
		</dict>
		<key>9F8C56C95FCB5EA5F1F9C812</key>
		<dict>
			<key>fileRef</key>
			<string>66A7DBA6EFB94208CACF7C73</string>
			<key>isa</key>
			<string>PBXBuildFile</string>
		</dict>
		<key>DC17CFDAA63FC7BA74573858</key>
		<dict>
			<key>includeInIndex</key>
			<string>1</string>
			<key>isa</key>
			<string>PBXFileReference</string>
			<key>lastKnownFileType</key>
			<string>text.xcconfig</string>
			<key>name</key>
			<string>Pods.debug.xcconfig</string>
			<key>path</key>
			<string>Pods/Target Support Files/Pods/Pods.debug.xcconfig</string>
			<key>sourceTree</key>
			<string>&lt;group&gt;</string>
		</dict>
	</dict>
	<key>rootObject</key>
	<string>2DEE29C91D1920B7F6B98773</string>
</dict>
</plist>
