<?xml version="1.0" encoding="UTF-8"?>
<Scheme
   version = "1.3">
   <BuildAction>
      <BuildActionEntries>
         <BuildActionEntry
            buildForRunning = "YES">
            <BuildableReference
               BuildableIdentifier = "primary"
               BlueprintIdentifier = "2DEE2909B3AAC627FCB3F1DE"
               BuildableName = "PixabayTest.app"
               BlueprintName = "PixabayTest"
               ReferencedContainer = "container:PixabayTest.xcodeproj">
            </BuildableReference>
         </BuildActionEntry>
      </BuildActionEntries>
   </BuildAction>
   <LaunchAction
      useCustomWorkingDirectory = "NO"
      buildConfiguration = "Debug">
      <BuildableProductRunnable>
         <BuildableReference
            BuildableIdentifier = "primary"
            BlueprintIdentifier = "2DEE2909B3AAC627FCB3F1DE"
            BuildableName = "PixabayTest.app"
            BlueprintName = "PixabayTest"
            ReferencedContainer = "container:PixabayTest.xcodeproj">
         </BuildableReference>
      </BuildableProductRunnable>
   </LaunchAction>
</Scheme>
